// !$*UTF8*$!
{
	archiveVersion = 1;
	classes = {
	};
	objectVersion = 46;
	objects = {

/* Begin PBXBuildFile section */
		20CD79431EBEDA4600EAFE5F /* main.m in Sources */ = {isa = PBXBuildFile; fileRef = 20CD79421EBEDA4600EAFE5F /* main.m */; };
		20CD797A1EBEDA8200EAFE5F /* NativeIconAdUnitView.m in Sources */ = {isa = PBXBuildFile; fileRef = 20CD79591EBEDA8200EAFE5F /* NativeIconAdUnitView.m */; };
		20CD797B1EBEDA8200EAFE5F /* Native3UpAdUnitView.m in Sources */ = {isa = PBXBuildFile; fileRef = 20CD795B1EBEDA8200EAFE5F /* Native3UpAdUnitView.m */; };
		20CD797C1EBEDA8200EAFE5F /* NativeCleanAdUnitView.m in Sources */ = {isa = PBXBuildFile; fileRef = 20CD795D1EBEDA8200EAFE5F /* NativeCleanAdUnitView.m */; };
		20CD797D1EBEDA8200EAFE5F /* AppDelegate.m in Sources */ = {isa = PBXBuildFile; fileRef = 20CD795F1EBEDA8200EAFE5F /* AppDelegate.m */; };
		20CD797E1EBEDA8200EAFE5F /* MasterViewController.m in Sources */ = {isa = PBXBuildFile; fileRef = 20CD79611EBEDA8200EAFE5F /* MasterViewController.m */; };
		20CD797F1EBEDA8200EAFE5F /* DetailViewController.m in Sources */ = {isa = PBXBuildFile; fileRef = 20CD79631EBEDA8200EAFE5F /* DetailViewController.m */; };
		20CD79801EBEDA8200EAFE5F /* BannerViewController.m in Sources */ = {isa = PBXBuildFile; fileRef = 20CD79651EBEDA8200EAFE5F /* BannerViewController.m */; };
		20CD79811EBEDA8200EAFE5F /* AnimatedBannerViewController.m in Sources */ = {isa = PBXBuildFile; fileRef = 20CD79671EBEDA8200EAFE5F /* AnimatedBannerViewController.m */; };
		20CD79821EBEDA8200EAFE5F /* MediumRectViewController.m in Sources */ = {isa = PBXBuildFile; fileRef = 20CD79691EBEDA8200EAFE5F /* MediumRectViewController.m */; };
		20CD79831EBEDA8200EAFE5F /* InterstitialViewController.m in Sources */ = {isa = PBXBuildFile; fileRef = 20CD796B1EBEDA8200EAFE5F /* InterstitialViewController.m */; };
		20CD79841EBEDA8200EAFE5F /* LandingPageViewController.m in Sources */ = {isa = PBXBuildFile; fileRef = 20CD796D1EBEDA8200EAFE5F /* LandingPageViewController.m */; };
		20CD79851EBEDA8200EAFE5F /* VideoViewController.m in Sources */ = {isa = PBXBuildFile; fileRef = 20CD796F1EBEDA8200EAFE5F /* VideoViewController.m */; };
		20CD79861EBEDA8200EAFE5F /* RewardedVideoViewController.m in Sources */ = {isa = PBXBuildFile; fileRef = 20CD79711EBEDA8200EAFE5F /* RewardedVideoViewController.m */; };
		20CD79871EBEDA8200EAFE5F /* NativeViewController.m in Sources */ = {isa = PBXBuildFile; fileRef = 20CD79731EBEDA8200EAFE5F /* NativeViewController.m */; };
		20CD79881EBEDA8200EAFE5F /* AdUnit.m in Sources */ = {isa = PBXBuildFile; fileRef = 20CD79751EBEDA8200EAFE5F /* AdUnit.m */; };
		20CD79891EBEDA8200EAFE5F /* Main.storyboard in Resources */ = {isa = PBXBuildFile; fileRef = 20CD79761EBEDA8200EAFE5F /* Main.storyboard */; };
		20CD798A1EBEDA8200EAFE5F /* Assets.xcassets in Resources */ = {isa = PBXBuildFile; fileRef = 20CD79771EBEDA8200EAFE5F /* Assets.xcassets */; };
		20CD798B1EBEDA8200EAFE5F /* LaunchScreen.storyboard in Resources */ = {isa = PBXBuildFile; fileRef = 20CD79781EBEDA8200EAFE5F /* LaunchScreen.storyboard */; };
		89D4E1A39AB3E6755A08B70C /* libPods-MaaSAdvertising-iOS-Sample.a in Frameworks */ = {isa = PBXBuildFile; fileRef = 874C00040771DEF85C6B072A /* libPods-MaaSAdvertising-iOS-Sample.a */; };
/* End PBXBuildFile section */

/* Begin PBXFileReference section */
		20CD793E1EBEDA4600EAFE5F /* MaaSAdvertising-iOS-Sample.app */ = {isa = PBXFileReference; explicitFileType = wrapper.application; includeInIndex = 0; path = "MaaSAdvertising-iOS-Sample.app"; sourceTree = BUILT_PRODUCTS_DIR; };
		20CD79421EBEDA4600EAFE5F /* main.m */ = {isa = PBXFileReference; lastKnownFileType = sourcecode.c.objc; path = main.m; sourceTree = "<group>"; };
		20CD79581EBEDA8200EAFE5F /* NativeIconAdUnitView.h */ = {isa = PBXFileReference; fileEncoding = 4; lastKnownFileType = sourcecode.c.h; path = NativeIconAdUnitView.h; sourceTree = "<group>"; };
		20CD79591EBEDA8200EAFE5F /* NativeIconAdUnitView.m */ = {isa = PBXFileReference; fileEncoding = 4; lastKnownFileType = sourcecode.c.objc; path = NativeIconAdUnitView.m; sourceTree = "<group>"; };
		20CD795A1EBEDA8200EAFE5F /* Native3UpAdUnitView.h */ = {isa = PBXFileReference; fileEncoding = 4; lastKnownFileType = sourcecode.c.h; path = Native3UpAdUnitView.h; sourceTree = "<group>"; };
		20CD795B1EBEDA8200EAFE5F /* Native3UpAdUnitView.m */ = {isa = PBXFileReference; fileEncoding = 4; lastKnownFileType = sourcecode.c.objc; path = Native3UpAdUnitView.m; sourceTree = "<group>"; };
		20CD795C1EBEDA8200EAFE5F /* NativeCleanAdUnitView.h */ = {isa = PBXFileReference; fileEncoding = 4; lastKnownFileType = sourcecode.c.h; path = NativeCleanAdUnitView.h; sourceTree = "<group>"; };
		20CD795D1EBEDA8200EAFE5F /* NativeCleanAdUnitView.m */ = {isa = PBXFileReference; fileEncoding = 4; lastKnownFileType = sourcecode.c.objc; path = NativeCleanAdUnitView.m; sourceTree = "<group>"; };
		20CD795E1EBEDA8200EAFE5F /* AppDelegate.h */ = {isa = PBXFileReference; fileEncoding = 4; lastKnownFileType = sourcecode.c.h; path = AppDelegate.h; sourceTree = "<group>"; };
		20CD795F1EBEDA8200EAFE5F /* AppDelegate.m */ = {isa = PBXFileReference; fileEncoding = 4; lastKnownFileType = sourcecode.c.objc; path = AppDelegate.m; sourceTree = "<group>"; };
		20CD79601EBEDA8200EAFE5F /* MasterViewController.h */ = {isa = PBXFileReference; fileEncoding = 4; lastKnownFileType = sourcecode.c.h; path = MasterViewController.h; sourceTree = "<group>"; };
		20CD79611EBEDA8200EAFE5F /* MasterViewController.m */ = {isa = PBXFileReference; fileEncoding = 4; lastKnownFileType = sourcecode.c.objc; path = MasterViewController.m; sourceTree = "<group>"; };
		20CD79621EBEDA8200EAFE5F /* DetailViewController.h */ = {isa = PBXFileReference; fileEncoding = 4; lastKnownFileType = sourcecode.c.h; path = DetailViewController.h; sourceTree = "<group>"; };
		20CD79631EBEDA8200EAFE5F /* DetailViewController.m */ = {isa = PBXFileReference; fileEncoding = 4; lastKnownFileType = sourcecode.c.objc; path = DetailViewController.m; sourceTree = "<group>"; };
		20CD79641EBEDA8200EAFE5F /* BannerViewController.h */ = {isa = PBXFileReference; fileEncoding = 4; lastKnownFileType = sourcecode.c.h; path = BannerViewController.h; sourceTree = "<group>"; };
		20CD79651EBEDA8200EAFE5F /* BannerViewController.m */ = {isa = PBXFileReference; fileEncoding = 4; lastKnownFileType = sourcecode.c.objc; path = BannerViewController.m; sourceTree = "<group>"; };
		20CD79661EBEDA8200EAFE5F /* AnimatedBannerViewController.h */ = {isa = PBXFileReference; fileEncoding = 4; lastKnownFileType = sourcecode.c.h; path = AnimatedBannerViewController.h; sourceTree = "<group>"; };
		20CD79671EBEDA8200EAFE5F /* AnimatedBannerViewController.m */ = {isa = PBXFileReference; fileEncoding = 4; lastKnownFileType = sourcecode.c.objc; path = AnimatedBannerViewController.m; sourceTree = "<group>"; };
		20CD79681EBEDA8200EAFE5F /* MediumRectViewController.h */ = {isa = PBXFileReference; fileEncoding = 4; lastKnownFileType = sourcecode.c.h; path = MediumRectViewController.h; sourceTree = "<group>"; };
		20CD79691EBEDA8200EAFE5F /* MediumRectViewController.m */ = {isa = PBXFileReference; fileEncoding = 4; lastKnownFileType = sourcecode.c.objc; path = MediumRectViewController.m; sourceTree = "<group>"; };
		20CD796A1EBEDA8200EAFE5F /* InterstitialViewController.h */ = {isa = PBXFileReference; fileEncoding = 4; lastKnownFileType = sourcecode.c.h; path = InterstitialViewController.h; sourceTree = "<group>"; };
		20CD796B1EBEDA8200EAFE5F /* InterstitialViewController.m */ = {isa = PBXFileReference; fileEncoding = 4; lastKnownFileType = sourcecode.c.objc; path = InterstitialViewController.m; sourceTree = "<group>"; };
		20CD796C1EBEDA8200EAFE5F /* LandingPageViewController.h */ = {isa = PBXFileReference; fileEncoding = 4; lastKnownFileType = sourcecode.c.h; path = LandingPageViewController.h; sourceTree = "<group>"; };
		20CD796D1EBEDA8200EAFE5F /* LandingPageViewController.m */ = {isa = PBXFileReference; fileEncoding = 4; lastKnownFileType = sourcecode.c.objc; path = LandingPageViewController.m; sourceTree = "<group>"; };
		20CD796E1EBEDA8200EAFE5F /* VideoViewController.h */ = {isa = PBXFileReference; fileEncoding = 4; lastKnownFileType = sourcecode.c.h; path = VideoViewController.h; sourceTree = "<group>"; };
		20CD796F1EBEDA8200EAFE5F /* VideoViewController.m */ = {isa = PBXFileReference; fileEncoding = 4; lastKnownFileType = sourcecode.c.objc; path = VideoViewController.m; sourceTree = "<group>"; };
		20CD79701EBEDA8200EAFE5F /* RewardedVideoViewController.h */ = {isa = PBXFileReference; fileEncoding = 4; lastKnownFileType = sourcecode.c.h; path = RewardedVideoViewController.h; sourceTree = "<group>"; };
		20CD79711EBEDA8200EAFE5F /* RewardedVideoViewController.m */ = {isa = PBXFileReference; fileEncoding = 4; lastKnownFileType = sourcecode.c.objc; path = RewardedVideoViewController.m; sourceTree = "<group>"; };
		20CD79721EBEDA8200EAFE5F /* NativeViewController.h */ = {isa = PBXFileReference; fileEncoding = 4; lastKnownFileType = sourcecode.c.h; path = NativeViewController.h; sourceTree = "<group>"; };
		20CD79731EBEDA8200EAFE5F /* NativeViewController.m */ = {isa = PBXFileReference; fileEncoding = 4; lastKnownFileType = sourcecode.c.objc; path = NativeViewController.m; sourceTree = "<group>"; };
		20CD79741EBEDA8200EAFE5F /* AdUnit.h */ = {isa = PBXFileReference; fileEncoding = 4; lastKnownFileType = sourcecode.c.h; path = AdUnit.h; sourceTree = "<group>"; };
		20CD79751EBEDA8200EAFE5F /* AdUnit.m */ = {isa = PBXFileReference; fileEncoding = 4; lastKnownFileType = sourcecode.c.objc; path = AdUnit.m; sourceTree = "<group>"; };
		20CD79761EBEDA8200EAFE5F /* Main.storyboard */ = {isa = PBXFileReference; fileEncoding = 4; lastKnownFileType = file.storyboard; path = Main.storyboard; sourceTree = "<group>"; };
		20CD79771EBEDA8200EAFE5F /* Assets.xcassets */ = {isa = PBXFileReference; lastKnownFileType = folder.assetcatalog; path = Assets.xcassets; sourceTree = "<group>"; };
		20CD79781EBEDA8200EAFE5F /* LaunchScreen.storyboard */ = {isa = PBXFileReference; fileEncoding = 4; lastKnownFileType = file.storyboard; path = LaunchScreen.storyboard; sourceTree = "<group>"; };
		20CD79791EBEDA8200EAFE5F /* Info.plist */ = {isa = PBXFileReference; fileEncoding = 4; lastKnownFileType = text.plist.xml; path = Info.plist; sourceTree = "<group>"; };
		259453D0B61CA4E92C3883CF /* Pods-MaaSAdvertising-iOS-Sample.debug.xcconfig */ = {isa = PBXFileReference; includeInIndex = 1; lastKnownFileType = text.xcconfig; name = "Pods-MaaSAdvertising-iOS-Sample.debug.xcconfig"; path = "Pods/Target Support Files/Pods-MaaSAdvertising-iOS-Sample/Pods-MaaSAdvertising-iOS-Sample.debug.xcconfig"; sourceTree = "<group>"; };
		874C00040771DEF85C6B072A /* libPods-MaaSAdvertising-iOS-Sample.a */ = {isa = PBXFileReference; explicitFileType = archive.ar; includeInIndex = 0; path = "libPods-MaaSAdvertising-iOS-Sample.a"; sourceTree = BUILT_PRODUCTS_DIR; };
		E97D81518D77B73FDB89C3FE /* Pods-MaaSAdvertising-iOS-Sample.release.xcconfig */ = {isa = PBXFileReference; includeInIndex = 1; lastKnownFileType = text.xcconfig; name = "Pods-MaaSAdvertising-iOS-Sample.release.xcconfig"; path = "Pods/Target Support Files/Pods-MaaSAdvertising-iOS-Sample/Pods-MaaSAdvertising-iOS-Sample.release.xcconfig"; sourceTree = "<group>"; };
/* End PBXFileReference section */

/* Begin PBXFrameworksBuildPhase section */
		20CD793B1EBEDA4600EAFE5F /* Frameworks */ = {
			isa = PBXFrameworksBuildPhase;
			buildActionMask = 2147483647;
			files = (
				89D4E1A39AB3E6755A08B70C /* libPods-MaaSAdvertising-iOS-Sample.a in Frameworks */,
			);
			runOnlyForDeploymentPostprocessing = 0;
		};
/* End PBXFrameworksBuildPhase section */

/* Begin PBXGroup section */
		20CD79351EBEDA4600EAFE5F = {
			isa = PBXGroup;
			children = (
				20CD79401EBEDA4600EAFE5F /* MaaSAdvertising-iOS-Sample */,
				20CD793F1EBEDA4600EAFE5F /* Products */,
				F387ABB86E7D5D4E0FD66427 /* Pods */,
				7EEF60BFE2E8FF577CE4DDC7 /* Frameworks */,
			);
			sourceTree = "<group>";
		};
		20CD793F1EBEDA4600EAFE5F /* Products */ = {
			isa = PBXGroup;
			children = (
				20CD793E1EBEDA4600EAFE5F /* MaaSAdvertising-iOS-Sample.app */,
			);
			name = Products;
			sourceTree = "<group>";
		};
		20CD79401EBEDA4600EAFE5F /* MaaSAdvertising-iOS-Sample */ = {
			isa = PBXGroup;
			children = (
				20CD79581EBEDA8200EAFE5F /* NativeIconAdUnitView.h */,
				20CD79591EBEDA8200EAFE5F /* NativeIconAdUnitView.m */,
				20CD795A1EBEDA8200EAFE5F /* Native3UpAdUnitView.h */,
				20CD795B1EBEDA8200EAFE5F /* Native3UpAdUnitView.m */,
				20CD795C1EBEDA8200EAFE5F /* NativeCleanAdUnitView.h */,
				20CD795D1EBEDA8200EAFE5F /* NativeCleanAdUnitView.m */,
				20CD795E1EBEDA8200EAFE5F /* AppDelegate.h */,
				20CD795F1EBEDA8200EAFE5F /* AppDelegate.m */,
				20CD79601EBEDA8200EAFE5F /* MasterViewController.h */,
				20CD79611EBEDA8200EAFE5F /* MasterViewController.m */,
				20CD79621EBEDA8200EAFE5F /* DetailViewController.h */,
				20CD79631EBEDA8200EAFE5F /* DetailViewController.m */,
				20CD79641EBEDA8200EAFE5F /* BannerViewController.h */,
				20CD79651EBEDA8200EAFE5F /* BannerViewController.m */,
				20CD79661EBEDA8200EAFE5F /* AnimatedBannerViewController.h */,
				20CD79671EBEDA8200EAFE5F /* AnimatedBannerViewController.m */,
				20CD79681EBEDA8200EAFE5F /* MediumRectViewController.h */,
				20CD79691EBEDA8200EAFE5F /* MediumRectViewController.m */,
				20CD796A1EBEDA8200EAFE5F /* InterstitialViewController.h */,
				20CD796B1EBEDA8200EAFE5F /* InterstitialViewController.m */,
				20CD796C1EBEDA8200EAFE5F /* LandingPageViewController.h */,
				20CD796D1EBEDA8200EAFE5F /* LandingPageViewController.m */,
				20CD796E1EBEDA8200EAFE5F /* VideoViewController.h */,
				20CD796F1EBEDA8200EAFE5F /* VideoViewController.m */,
				20CD79701EBEDA8200EAFE5F /* RewardedVideoViewController.h */,
				20CD79711EBEDA8200EAFE5F /* RewardedVideoViewController.m */,
				20CD79721EBEDA8200EAFE5F /* NativeViewController.h */,
				20CD79731EBEDA8200EAFE5F /* NativeViewController.m */,
				20CD79741EBEDA8200EAFE5F /* AdUnit.h */,
				20CD79751EBEDA8200EAFE5F /* AdUnit.m */,
				20CD79761EBEDA8200EAFE5F /* Main.storyboard */,
				20CD79771EBEDA8200EAFE5F /* Assets.xcassets */,
				20CD79781EBEDA8200EAFE5F /* LaunchScreen.storyboard */,
				20CD79791EBEDA8200EAFE5F /* Info.plist */,
				20CD79411EBEDA4600EAFE5F /* Supporting Files */,
			);
			path = "MaaSAdvertising-iOS-Sample";
			sourceTree = "<group>";
		};
		20CD79411EBEDA4600EAFE5F /* Supporting Files */ = {
			isa = PBXGroup;
			children = (
				20CD79421EBEDA4600EAFE5F /* main.m */,
			);
			name = "Supporting Files";
			sourceTree = "<group>";
		};
		7EEF60BFE2E8FF577CE4DDC7 /* Frameworks */ = {
			isa = PBXGroup;
			children = (
				874C00040771DEF85C6B072A /* libPods-MaaSAdvertising-iOS-Sample.a */,
			);
			name = Frameworks;
			sourceTree = "<group>";
		};
		F387ABB86E7D5D4E0FD66427 /* Pods */ = {
			isa = PBXGroup;
			children = (
				259453D0B61CA4E92C3883CF /* Pods-MaaSAdvertising-iOS-Sample.debug.xcconfig */,
				E97D81518D77B73FDB89C3FE /* Pods-MaaSAdvertising-iOS-Sample.release.xcconfig */,
			);
			name = Pods;
			sourceTree = "<group>";
		};
/* End PBXGroup section */

/* Begin PBXNativeTarget section */
		20CD793D1EBEDA4600EAFE5F /* MaaSAdvertising-iOS-Sample */ = {
			isa = PBXNativeTarget;
			buildConfigurationList = 20CD79551EBEDA4600EAFE5F /* Build configuration list for PBXNativeTarget "MaaSAdvertising-iOS-Sample" */;
			buildPhases = (
				0E5DB259753ECDF4D5618F74 /* [CP] Check Pods Manifest.lock */,
				20CD793A1EBEDA4600EAFE5F /* Sources */,
				20CD793B1EBEDA4600EAFE5F /* Frameworks */,
				20CD793C1EBEDA4600EAFE5F /* Resources */,
				048E1C53C8DFD1177F903B65 /* [CP] Embed Pods Frameworks */,
				1E4616837D9B4CD54B31987C /* [CP] Copy Pods Resources */,
			);
			buildRules = (
			);
			dependencies = (
			);
			name = "MaaSAdvertising-iOS-Sample";
			productName = "MaaSAdvertising-iOS-Sample";
			productReference = 20CD793E1EBEDA4600EAFE5F /* MaaSAdvertising-iOS-Sample.app */;
			productType = "com.apple.product-type.application";
		};
/* End PBXNativeTarget section */

/* Begin PBXProject section */
		20CD79361EBEDA4600EAFE5F /* Project object */ = {
			isa = PBXProject;
			attributes = {
				LastUpgradeCheck = 0830;
				ORGANIZATIONNAME = "Phunware, Inc";
				TargetAttributes = {
					20CD793D1EBEDA4600EAFE5F = {
						CreatedOnToolsVersion = 8.3.2;
						DevelopmentTeam = 84CK77G588;
						ProvisioningStyle = Automatic;
					};
				};
			};
			buildConfigurationList = 20CD79391EBEDA4600EAFE5F /* Build configuration list for PBXProject "MaaSAdvertising-iOS-Sample" */;
			compatibilityVersion = "Xcode 3.2";
			developmentRegion = English;
			hasScannedForEncodings = 0;
			knownRegions = (
				en,
				Base,
			);
			mainGroup = 20CD79351EBEDA4600EAFE5F;
			productRefGroup = 20CD793F1EBEDA4600EAFE5F /* Products */;
			projectDirPath = "";
			projectRoot = "";
			targets = (
				20CD793D1EBEDA4600EAFE5F /* MaaSAdvertising-iOS-Sample */,
			);
		};
/* End PBXProject section */

/* Begin PBXResourcesBuildPhase section */
		20CD793C1EBEDA4600EAFE5F /* Resources */ = {
			isa = PBXResourcesBuildPhase;
			buildActionMask = 2147483647;
			files = (
				20CD798B1EBEDA8200EAFE5F /* LaunchScreen.storyboard in Resources */,
				20CD798A1EBEDA8200EAFE5F /* Assets.xcassets in Resources */,
				20CD79891EBEDA8200EAFE5F /* Main.storyboard in Resources */,
			);
			runOnlyForDeploymentPostprocessing = 0;
		};
/* End PBXResourcesBuildPhase section */

/* Begin PBXShellScriptBuildPhase section */
		048E1C53C8DFD1177F903B65 /* [CP] Embed Pods Frameworks */ = {
			isa = PBXShellScriptBuildPhase;
			buildActionMask = 2147483647;
			files = (
			);
			inputPaths = (
			);
			name = "[CP] Embed Pods Frameworks";
			outputPaths = (
			);
			runOnlyForDeploymentPostprocessing = 0;
			shellPath = /bin/sh;
			shellScript = "\"${SRCROOT}/Pods/Target Support Files/Pods-MaaSAdvertising-iOS-Sample/Pods-MaaSAdvertising-iOS-Sample-frameworks.sh\"\n";
			showEnvVarsInLog = 0;
		};
		0E5DB259753ECDF4D5618F74 /* [CP] Check Pods Manifest.lock */ = {
			isa = PBXShellScriptBuildPhase;
			buildActionMask = 2147483647;
			files = (
			);
			inputPaths = (
			);
			name = "[CP] Check Pods Manifest.lock";
			outputPaths = (
			);
			runOnlyForDeploymentPostprocessing = 0;
			shellPath = /bin/sh;
			shellScript = "diff \"${PODS_ROOT}/../Podfile.lock\" \"${PODS_ROOT}/Manifest.lock\" > /dev/null\nif [ $? != 0 ] ; then\n    # print error to STDERR\n    echo \"error: The sandbox is not in sync with the Podfile.lock. Run 'pod install' or update your CocoaPods installation.\" >&2\n    exit 1\nfi\n";
			showEnvVarsInLog = 0;
		};
		1E4616837D9B4CD54B31987C /* [CP] Copy Pods Resources */ = {
			isa = PBXShellScriptBuildPhase;
			buildActionMask = 2147483647;
			files = (
			);
			inputPaths = (
			);
			name = "[CP] Copy Pods Resources";
			outputPaths = (
			);
			runOnlyForDeploymentPostprocessing = 0;
			shellPath = /bin/sh;
			shellScript = "\"${SRCROOT}/Pods/Target Support Files/Pods-MaaSAdvertising-iOS-Sample/Pods-MaaSAdvertising-iOS-Sample-resources.sh\"\n";
			showEnvVarsInLog = 0;
		};
/* End PBXShellScriptBuildPhase section */

/* Begin PBXSourcesBuildPhase section */
		20CD793A1EBEDA4600EAFE5F /* Sources */ = {
			isa = PBXSourcesBuildPhase;
			buildActionMask = 2147483647;
			files = (
				20CD79811EBEDA8200EAFE5F /* AnimatedBannerViewController.m in Sources */,
				20CD797C1EBEDA8200EAFE5F /* NativeCleanAdUnitView.m in Sources */,
				20CD79861EBEDA8200EAFE5F /* RewardedVideoViewController.m in Sources */,
				20CD79431EBEDA4600EAFE5F /* main.m in Sources */,
				20CD79821EBEDA8200EAFE5F /* MediumRectViewController.m in Sources */,
				20CD797A1EBEDA8200EAFE5F /* NativeIconAdUnitView.m in Sources */,
				20CD797B1EBEDA8200EAFE5F /* Native3UpAdUnitView.m in Sources */,
				20CD797E1EBEDA8200EAFE5F /* MasterViewController.m in Sources */,
				20CD79881EBEDA8200EAFE5F /* AdUnit.m in Sources */,
				20CD79841EBEDA8200EAFE5F /* LandingPageViewController.m in Sources */,
				20CD797D1EBEDA8200EAFE5F /* AppDelegate.m in Sources */,
				20CD79831EBEDA8200EAFE5F /* InterstitialViewController.m in Sources */,
				20CD79871EBEDA8200EAFE5F /* NativeViewController.m in Sources */,
				20CD79801EBEDA8200EAFE5F /* BannerViewController.m in Sources */,
				20CD79851EBEDA8200EAFE5F /* VideoViewController.m in Sources */,
				20CD797F1EBEDA8200EAFE5F /* DetailViewController.m in Sources */,
			);
			runOnlyForDeploymentPostprocessing = 0;
		};
/* End PBXSourcesBuildPhase section */

/* Begin XCBuildConfiguration section */
		20CD79531EBEDA4600EAFE5F /* Debug */ = {
			isa = XCBuildConfiguration;
			buildSettings = {
				ALWAYS_SEARCH_USER_PATHS = NO;
				CLANG_ANALYZER_NONNULL = YES;
				CLANG_ANALYZER_NUMBER_OBJECT_CONVERSION = YES_AGGRESSIVE;
				CLANG_CXX_LANGUAGE_STANDARD = "gnu++0x";
				CLANG_CXX_LIBRARY = "libc++";
				CLANG_ENABLE_MODULES = YES;
				CLANG_ENABLE_OBJC_ARC = YES;
				CLANG_WARN_BOOL_CONVERSION = YES;
				CLANG_WARN_CONSTANT_CONVERSION = YES;
				CLANG_WARN_DIRECT_OBJC_ISA_USAGE = YES_ERROR;
				CLANG_WARN_DOCUMENTATION_COMMENTS = YES;
				CLANG_WARN_EMPTY_BODY = YES;
				CLANG_WARN_ENUM_CONVERSION = YES;
				CLANG_WARN_INFINITE_RECURSION = YES;
				CLANG_WARN_INT_CONVERSION = YES;
				CLANG_WARN_OBJC_ROOT_CLASS = YES_ERROR;
				CLANG_WARN_SUSPICIOUS_MOVE = YES;
				CLANG_WARN_UNREACHABLE_CODE = YES;
				CLANG_WARN__DUPLICATE_METHOD_MATCH = YES;
				"CODE_SIGN_IDENTITY[sdk=iphoneos*]" = "iPhone Developer";
				COPY_PHASE_STRIP = NO;
				DEBUG_INFORMATION_FORMAT = dwarf;
				ENABLE_STRICT_OBJC_MSGSEND = YES;
				ENABLE_TESTABILITY = YES;
				GCC_C_LANGUAGE_STANDARD = gnu99;
				GCC_DYNAMIC_NO_PIC = NO;
				GCC_NO_COMMON_BLOCKS = YES;
				GCC_OPTIMIZATION_LEVEL = 0;
				GCC_PREPROCESSOR_DEFINITIONS = (
					"DEBUG=1",
					"$(inherited)",
				);
				GCC_WARN_64_TO_32_BIT_CONVERSION = YES;
				GCC_WARN_ABOUT_RETURN_TYPE = YES_ERROR;
				GCC_WARN_UNDECLARED_SELECTOR = YES;
				GCC_WARN_UNINITIALIZED_AUTOS = YES_AGGRESSIVE;
				GCC_WARN_UNUSED_FUNCTION = YES;
				GCC_WARN_UNUSED_VARIABLE = YES;
				IPHONEOS_DEPLOYMENT_TARGET = 9.0;
				MTL_ENABLE_DEBUG_INFO = YES;
				ONLY_ACTIVE_ARCH = YES;
				SDKROOT = iphoneos;
				TARGETED_DEVICE_FAMILY = "1,2";
			};
			name = Debug;
		};
		20CD79541EBEDA4600EAFE5F /* Release */ = {
			isa = XCBuildConfiguration;
			buildSettings = {
				ALWAYS_SEARCH_USER_PATHS = NO;
				CLANG_ANALYZER_NONNULL = YES;
				CLANG_ANALYZER_NUMBER_OBJECT_CONVERSION = YES_AGGRESSIVE;
				CLANG_CXX_LANGUAGE_STANDARD = "gnu++0x";
				CLANG_CXX_LIBRARY = "libc++";
				CLANG_ENABLE_MODULES = YES;
				CLANG_ENABLE_OBJC_ARC = YES;
				CLANG_WARN_BOOL_CONVERSION = YES;
				CLANG_WARN_CONSTANT_CONVERSION = YES;
				CLANG_WARN_DIRECT_OBJC_ISA_USAGE = YES_ERROR;
				CLANG_WARN_DOCUMENTATION_COMMENTS = YES;
				CLANG_WARN_EMPTY_BODY = YES;
				CLANG_WARN_ENUM_CONVERSION = YES;
				CLANG_WARN_INFINITE_RECURSION = YES;
				CLANG_WARN_INT_CONVERSION = YES;
				CLANG_WARN_OBJC_ROOT_CLASS = YES_ERROR;
				CLANG_WARN_SUSPICIOUS_MOVE = YES;
				CLANG_WARN_UNREACHABLE_CODE = YES;
				CLANG_WARN__DUPLICATE_METHOD_MATCH = YES;
				"CODE_SIGN_IDENTITY[sdk=iphoneos*]" = "iPhone Developer";
				COPY_PHASE_STRIP = NO;
				DEBUG_INFORMATION_FORMAT = "dwarf-with-dsym";
				ENABLE_NS_ASSERTIONS = NO;
				ENABLE_STRICT_OBJC_MSGSEND = YES;
				GCC_C_LANGUAGE_STANDARD = gnu99;
				GCC_NO_COMMON_BLOCKS = YES;
				GCC_WARN_64_TO_32_BIT_CONVERSION = YES;
				GCC_WARN_ABOUT_RETURN_TYPE = YES_ERROR;
				GCC_WARN_UNDECLARED_SELECTOR = YES;
				GCC_WARN_UNINITIALIZED_AUTOS = YES_AGGRESSIVE;
				GCC_WARN_UNUSED_FUNCTION = YES;
				GCC_WARN_UNUSED_VARIABLE = YES;
				IPHONEOS_DEPLOYMENT_TARGET = 9.0;
				MTL_ENABLE_DEBUG_INFO = NO;
				SDKROOT = iphoneos;
				TARGETED_DEVICE_FAMILY = "1,2";
				VALIDATE_PRODUCT = YES;
			};
			name = Release;
		};
		20CD79561EBEDA4600EAFE5F /* Debug */ = {
			isa = XCBuildConfiguration;
			baseConfigurationReference = 259453D0B61CA4E92C3883CF /* Pods-MaaSAdvertising-iOS-Sample.debug.xcconfig */;
			buildSettings = {
				ASSETCATALOG_COMPILER_APPICON_NAME = AppIcon;
				DEVELOPMENT_TEAM = 84CK77G588;
				INFOPLIST_FILE = "MaaSAdvertising-iOS-Sample/Info.plist";
				IPHONEOS_DEPLOYMENT_TARGET = 9.0;
				LD_RUNPATH_SEARCH_PATHS = "$(inherited) @executable_path/Frameworks";
				PRODUCT_BUNDLE_IDENTIFIER = "com.phunware.MaaSAdvertising-iOS-Sample";
				PRODUCT_NAME = "$(TARGET_NAME)";
			};
			name = Debug;
		};
		20CD79571EBEDA4600EAFE5F /* Release */ = {
			isa = XCBuildConfiguration;
			baseConfigurationReference = E97D81518D77B73FDB89C3FE /* Pods-MaaSAdvertising-iOS-Sample.release.xcconfig */;
			buildSettings = {
				ASSETCATALOG_COMPILER_APPICON_NAME = AppIcon;
				DEVELOPMENT_TEAM = 84CK77G588;
				INFOPLIST_FILE = "MaaSAdvertising-iOS-Sample/Info.plist";
				IPHONEOS_DEPLOYMENT_TARGET = 9.0;
				LD_RUNPATH_SEARCH_PATHS = "$(inherited) @executable_path/Frameworks";
				PRODUCT_BUNDLE_IDENTIFIER = "com.phunware.MaaSAdvertising-iOS-Sample";
				PRODUCT_NAME = "$(TARGET_NAME)";
			};
			name = Release;
		};
/* End XCBuildConfiguration section */

/* Begin XCConfigurationList section */
		20CD79391EBEDA4600EAFE5F /* Build configuration list for PBXProject "MaaSAdvertising-iOS-Sample" */ = {
			isa = XCConfigurationList;
			buildConfigurations = (
				20CD79531EBEDA4600EAFE5F /* Debug */,
				20CD79541EBEDA4600EAFE5F /* Release */,
			);
			defaultConfigurationIsVisible = 0;
			defaultConfigurationName = Release;
		};
		20CD79551EBEDA4600EAFE5F /* Build configuration list for PBXNativeTarget "MaaSAdvertising-iOS-Sample" */ = {
			isa = XCConfigurationList;
			buildConfigurations = (
				20CD79561EBEDA4600EAFE5F /* Debug */,
				20CD79571EBEDA4600EAFE5F /* Release */,
			);
			defaultConfigurationIsVisible = 0;
			defaultConfigurationName = Release;
		};
/* End XCConfigurationList section */
	};
	rootObject = 20CD79361EBEDA4600EAFE5F /* Project object */;
}
